
Microsoft Visual Studio Solution File, Format Version 12.00
# Visual Studio Version 16
VisualStudioVersion = 16.0.29509.3
MinimumVisualStudioVersion = 10.0.40219.1
Project("{8BC9CEB8-8B4A-11D0-8D11-00A0C91BC942}") = "名字已消失了认识的人的评价", "名字已消失了认识的人的评价.vcxproj", "{82C91038-6794-44EF-B1C5-D4FB43C8C975}"
EndProject
Global
	GlobalSection(SolutionConfigurationPlatforms) = preSolution
		Debug|x86 = Debug|x86
		Release|x86 = Release|x86
	EndGlobalSection
	GlobalSection(ProjectConfigurationPlatforms) = postSolution
		{82C91038-6794-44EF-B1C5-D4FB43C8C975}.Debug|x86.ActiveCfg = Debug|Win32
		{82C91038-6794-44EF-B1C5-D4FB43C8C975}.Debug|x86.Build.0 = Debug|Win32
		{82C91038-6794-44EF-B1C5-D4FB43C8C975}.Release|x86.ActiveCfg = Release|Win32
		{82C91038-6794-44EF-B1C5-D4FB43C8C975}.Release|x86.Build.0 = Release|Win32
	EndGlobalSection
	GlobalSection(SolutionProperties) = preSolution
		HideSolutionNode = FALSE
	EndGlobalSection
	GlobalSection(ExtensibilityGlobals) = postSolution
		SolutionGuid = {088BB007-BA77-46FA-88E3-8C3A6993EF9A}
	EndGlobalSection
EndGlobal
